
Microsoft Visual Studio Solution File, Format Version 12.00
# Visual Studio Version 17
VisualStudioVersion = 17.0.31912.275
MinimumVisualStudioVersion = 10.0.40219.1
Project("{9A19103F-16F7-4668-BE54-9A1E7A4F7556}") = "PhlegmaticOne.Library.Domain", "PhlegmaticOne.Library.Domain\PhlegmaticOne.Library.Domain.csproj", "{076E793F-8565-487E-99C4-DD683CA27D22}"
EndProject
Project("{9A19103F-16F7-4668-BE54-9A1E7A4F7556}") = "Test", "Test\Test.csproj", "{9E732827-5D45-4F2B-B618-45482F8F97D5}"
EndProject
Project("{9A19103F-16F7-4668-BE54-9A1E7A4F7556}") = "PhlegmaticOne.Library.Database", "PhlegmaticOne.Library.Database\PhlegmaticOne.Library.Database.csproj", "{B5977031-07FA-4E23-A6BC-89693DD5D63A}"
EndProject
Project("{9A19103F-16F7-4668-BE54-9A1E7A4F7556}") = "PhlegmaticOne.Library.DatabaseTests", "PhlegmaticOne.Library.DatabaseTests\PhlegmaticOne.Library.DatabaseTests.csproj", "{29B31A92-2773-4F2B-8072-7E943D079CCE}"
EndProject
Project("{9A19103F-16F7-4668-BE54-9A1E7A4F7556}") = "PhlegmaticOne.Library.Reports", "PhlegmaticOne.Library.Reports\PhlegmaticOne.Library.Reports.csproj", "{315D54D7-763B-4D24-A9D6-AE7844FC18E4}"
EndProject
Project("{9A19103F-16F7-4668-BE54-9A1E7A4F7556}") = "PhlegmaticOne.Library.Reports.FileReportProvider", "PhlegmaticOne.Library.Reports.FileReportProvider\PhlegmaticOne.Library.Reports.FileReportProvider.csproj", "{4A1769E0-6757-43FC-9555-515722640507}"
EndProject
Project("{9A19103F-16F7-4668-BE54-9A1E7A4F7556}") = "PhlegmaticOne.Library.Reports.ExcelReportProvider", "PhlegmaticOne.Library.Reports.ExcelReportProvider\PhlegmaticOne.Library.Reports.ExcelReportProvider.csproj", "{B84E55D4-BBDB-4071-BD73-A17BEC589C39}"
EndProject
Project("{9A19103F-16F7-4668-BE54-9A1E7A4F7556}") = "PhlegmaticOne.Library.Reports.PdfReportProvider", "PhlegmaticOne.Library.Reports.PdfReportProvider\PhlegmaticOne.Library.Reports.PdfReportProvider.csproj", "{3C507C82-6B20-468C-A5A5-2B12A0CE359B}"
EndProject
Project("{FAE04EC0-301F-11D3-BF4B-00C04F79EFBC}") = "PhlegmaticOne.Library.Reports.Tests", "PhlegmaticOne.Library.Reports.Tests\PhlegmaticOne.Library.Reports.Tests.csproj", "{6604CCAD-322C-496A-A561-B641F7AA5B9C}"
EndProject
Global
	GlobalSection(SolutionConfigurationPlatforms) = preSolution
		Debug|Any CPU = Debug|Any CPU
		Release|Any CPU = Release|Any CPU
	EndGlobalSection
	GlobalSection(ProjectConfigurationPlatforms) = postSolution
		{076E793F-8565-487E-99C4-DD683CA27D22}.Debug|Any CPU.ActiveCfg = Debug|Any CPU
		{076E793F-8565-487E-99C4-DD683CA27D22}.Debug|Any CPU.Build.0 = Debug|Any CPU
		{076E793F-8565-487E-99C4-DD683CA27D22}.Release|Any CPU.ActiveCfg = Release|Any CPU
		{076E793F-8565-487E-99C4-DD683CA27D22}.Release|Any CPU.Build.0 = Release|Any CPU
		{9E732827-5D45-4F2B-B618-45482F8F97D5}.Debug|Any CPU.ActiveCfg = Debug|Any CPU
		{9E732827-5D45-4F2B-B618-45482F8F97D5}.Debug|Any CPU.Build.0 = Debug|Any CPU
		{9E732827-5D45-4F2B-B618-45482F8F97D5}.Release|Any CPU.ActiveCfg = Release|Any CPU
		{9E732827-5D45-4F2B-B618-45482F8F97D5}.Release|Any CPU.Build.0 = Release|Any CPU
		{B5977031-07FA-4E23-A6BC-89693DD5D63A}.Debug|Any CPU.ActiveCfg = Debug|Any CPU
		{B5977031-07FA-4E23-A6BC-89693DD5D63A}.Debug|Any CPU.Build.0 = Debug|Any CPU
		{B5977031-07FA-4E23-A6BC-89693DD5D63A}.Release|Any CPU.ActiveCfg = Release|Any CPU
		{B5977031-07FA-4E23-A6BC-89693DD5D63A}.Release|Any CPU.Build.0 = Release|Any CPU
		{29B31A92-2773-4F2B-8072-7E943D079CCE}.Debug|Any CPU.ActiveCfg = Debug|Any CPU
		{29B31A92-2773-4F2B-8072-7E943D079CCE}.Debug|Any CPU.Build.0 = Debug|Any CPU
		{29B31A92-2773-4F2B-8072-7E943D079CCE}.Release|Any CPU.ActiveCfg = Release|Any CPU
		{29B31A92-2773-4F2B-8072-7E943D079CCE}.Release|Any CPU.Build.0 = Release|Any CPU
		{315D54D7-763B-4D24-A9D6-AE7844FC18E4}.Debug|Any CPU.ActiveCfg = Debug|Any CPU
		{315D54D7-763B-4D24-A9D6-AE7844FC18E4}.Debug|Any CPU.Build.0 = Debug|Any CPU
		{315D54D7-763B-4D24-A9D6-AE7844FC18E4}.Release|Any CPU.ActiveCfg = Release|Any CPU
		{315D54D7-763B-4D24-A9D6-AE7844FC18E4}.Release|Any CPU.Build.0 = Release|Any CPU
		{4A1769E0-6757-43FC-9555-515722640507}.Debug|Any CPU.ActiveCfg = Debug|Any CPU
		{4A1769E0-6757-43FC-9555-515722640507}.Debug|Any CPU.Build.0 = Debug|Any CPU
		{4A1769E0-6757-43FC-9555-515722640507}.Release|Any CPU.ActiveCfg = Release|Any CPU
		{4A1769E0-6757-43FC-9555-515722640507}.Release|Any CPU.Build.0 = Release|Any CPU
		{B84E55D4-BBDB-4071-BD73-A17BEC589C39}.Debug|Any CPU.ActiveCfg = Debug|Any CPU
		{B84E55D4-BBDB-4071-BD73-A17BEC589C39}.Debug|Any CPU.Build.0 = Debug|Any CPU
		{B84E55D4-BBDB-4071-BD73-A17BEC589C39}.Release|Any CPU.ActiveCfg = Release|Any CPU
		{B84E55D4-BBDB-4071-BD73-A17BEC589C39}.Release|Any CPU.Build.0 = Release|Any CPU
		{3C507C82-6B20-468C-A5A5-2B12A0CE359B}.Debug|Any CPU.ActiveCfg = Debug|Any CPU
		{3C507C82-6B20-468C-A5A5-2B12A0CE359B}.Debug|Any CPU.Build.0 = Debug|Any CPU
		{3C507C82-6B20-468C-A5A5-2B12A0CE359B}.Release|Any CPU.ActiveCfg = Release|Any CPU
		{3C507C82-6B20-468C-A5A5-2B12A0CE359B}.Release|Any CPU.Build.0 = Release|Any CPU
		{6604CCAD-322C-496A-A561-B641F7AA5B9C}.Debug|Any CPU.ActiveCfg = Debug|Any CPU
		{6604CCAD-322C-496A-A561-B641F7AA5B9C}.Debug|Any CPU.Build.0 = Debug|Any CPU
		{6604CCAD-322C-496A-A561-B641F7AA5B9C}.Release|Any CPU.ActiveCfg = Release|Any CPU
		{6604CCAD-322C-496A-A561-B641F7AA5B9C}.Release|Any CPU.Build.0 = Release|Any CPU
	EndGlobalSection
	GlobalSection(SolutionProperties) = preSolution
		HideSolutionNode = FALSE
	EndGlobalSection
	GlobalSection(ExtensibilityGlobals) = postSolution
		SolutionGuid = {AC6C41E4-987B-40E7-8AD7-70B0EA1AA10B}
	EndGlobalSection
EndGlobal
