
Microsoft Visual Studio Solution File, Format Version 12.00
# Visual Studio Version 17
VisualStudioVersion = 17.0.31912.275
MinimumVisualStudioVersion = 10.0.40219.1
Project("{FAE04EC0-301F-11D3-BF4B-00C04F79EFBC}") = "PhlegmaticOne.Library.Domain", "PhlegmaticOne.Library.Domain\PhlegmaticOne.Library.Domain.csproj", "{076E793F-8565-487E-99C4-DD683CA27D22}"
EndProject
Project("{FAE04EC0-301F-11D3-BF4B-00C04F79EFBC}") = "Test", "Test\Test.csproj", "{9E732827-5D45-4F2B-B618-45482F8F97D5}"
EndProject
Global
	GlobalSection(SolutionConfigurationPlatforms) = preSolution
		Debug|Any CPU = Debug|Any CPU
		Release|Any CPU = Release|Any CPU
	EndGlobalSection
	GlobalSection(ProjectConfigurationPlatforms) = postSolution
		{076E793F-8565-487E-99C4-DD683CA27D22}.Debug|Any CPU.ActiveCfg = Debug|Any CPU
		{076E793F-8565-487E-99C4-DD683CA27D22}.Debug|Any CPU.Build.0 = Debug|Any CPU
		{076E793F-8565-487E-99C4-DD683CA27D22}.Release|Any CPU.ActiveCfg = Release|Any CPU
		{076E793F-8565-487E-99C4-DD683CA27D22}.Release|Any CPU.Build.0 = Release|Any CPU
		{9E732827-5D45-4F2B-B618-45482F8F97D5}.Debug|Any CPU.ActiveCfg = Debug|Any CPU
		{9E732827-5D45-4F2B-B618-45482F8F97D5}.Debug|Any CPU.Build.0 = Debug|Any CPU
		{9E732827-5D45-4F2B-B618-45482F8F97D5}.Release|Any CPU.ActiveCfg = Release|Any CPU
		{9E732827-5D45-4F2B-B618-45482F8F97D5}.Release|Any CPU.Build.0 = Release|Any CPU
	EndGlobalSection
	GlobalSection(SolutionProperties) = preSolution
		HideSolutionNode = FALSE
	EndGlobalSection
	GlobalSection(ExtensibilityGlobals) = postSolution
		SolutionGuid = {AC6C41E4-987B-40E7-8AD7-70B0EA1AA10B}
	EndGlobalSection
EndGlobal
